// !$*UTF8*$!
{
	archiveVersion = 1;
	classes = {
	};
	objectVersion = 46;
	objects = {

/* Begin PBXBuildFile section */
		A5466A3014E4CEC400FF36B9 /* UIKit.framework in Frameworks */ = {isa = PBXBuildFile; fileRef = A5466A2F14E4CEC400FF36B9 /* UIKit.framework */; };
		A5466A3214E4CEC400FF36B9 /* Foundation.framework in Frameworks */ = {isa = PBXBuildFile; fileRef = A5466A3114E4CEC400FF36B9 /* Foundation.framework */; };
		A5466A3414E4CEC400FF36B9 /* CoreGraphics.framework in Frameworks */ = {isa = PBXBuildFile; fileRef = A5466A3314E4CEC400FF36B9 /* CoreGraphics.framework */; };
		A5466A3A14E4CEC400FF36B9 /* InfoPlist.strings in Resources */ = {isa = PBXBuildFile; fileRef = A5466A3814E4CEC400FF36B9 /* InfoPlist.strings */; };
		A5466A3C14E4CEC400FF36B9 /* main.m in Sources */ = {isa = PBXBuildFile; fileRef = A5466A3B14E4CEC400FF36B9 /* main.m */; };
		A5466A4014E4CEC400FF36B9 /* AppDelegate.m in Sources */ = {isa = PBXBuildFile; fileRef = A5466A3F14E4CEC400FF36B9 /* AppDelegate.m */; };
		A5466A4814E4CEC400FF36B9 /* SenTestingKit.framework in Frameworks */ = {isa = PBXBuildFile; fileRef = A5466A4714E4CEC400FF36B9 /* SenTestingKit.framework */; };
		A5466A4914E4CEC400FF36B9 /* UIKit.framework in Frameworks */ = {isa = PBXBuildFile; fileRef = A5466A2F14E4CEC400FF36B9 /* UIKit.framework */; };
		A5466A4A14E4CEC400FF36B9 /* Foundation.framework in Frameworks */ = {isa = PBXBuildFile; fileRef = A5466A3114E4CEC400FF36B9 /* Foundation.framework */; };
		A5466A5214E4CEC400FF36B9 /* InfoPlist.strings in Resources */ = {isa = PBXBuildFile; fileRef = A5466A5014E4CEC400FF36B9 /* InfoPlist.strings */; };
		A5466A5514E4CEC400FF36B9 /* showpsTests.m in Sources */ = {isa = PBXBuildFile; fileRef = A5466A5414E4CEC400FF36B9 /* showpsTests.m */; };
		A5466A6514E4CFDB00FF36B9 /* MainWindow.xib in Resources */ = {isa = PBXBuildFile; fileRef = A5466A6414E4CFDB00FF36B9 /* MainWindow.xib */; };
		A5466A6914E4D14900FF36B9 /* showpsAppDelegate.m in Sources */ = {isa = PBXBuildFile; fileRef = A5466A6814E4D14900FF36B9 /* showpsAppDelegate.m */; };
		A5466A6C14E4F64200FF36B9 /* showpsViewController.m in Sources */ = {isa = PBXBuildFile; fileRef = A5466A6B14E4F64200FF36B9 /* showpsViewController.m */; };
		A5466B2C14E4FA2E00FF36B9 /* Security.framework in Frameworks */ = {isa = PBXBuildFile; fileRef = A5466B2B14E4FA2E00FF36B9 /* Security.framework */; };
		A5466B9814E4FBFC00FF36B9 /* ConnectButton_Default.png in Resources */ = {isa = PBXBuildFile; fileRef = A5466B2F14E4FBFC00FF36B9 /* ConnectButton_Default.png */; };
		A5466B9914E4FBFC00FF36B9 /* ConnectButton_Highlighted.png in Resources */ = {isa = PBXBuildFile; fileRef = A5466B3014E4FBFC00FF36B9 /* ConnectButton_Highlighted.png */; };
		A5466BD214E4FBFC00FF36B9 /* NetConnection.m in Sources */ = {isa = PBXBuildFile; fileRef = A5466B7014E4FBFC00FF36B9 /* NetConnection.m */; };
		A5466BD314E4FBFC00FF36B9 /* NetServer.m in Sources */ = {isa = PBXBuildFile; fileRef = A5466B7314E4FBFC00FF36B9 /* NetServer.m */; };
		A5466BD414E4FBFC00FF36B9 /* NetServerBrowser.m in Sources */ = {isa = PBXBuildFile; fileRef = A5466B7514E4FBFC00FF36B9 /* NetServerBrowser.m */; };
		A5466BD514E4FBFC00FF36B9 /* PBKeyDerive.cpp in Sources */ = {isa = PBXBuildFile; fileRef = A5466B7814E4FBFC00FF36B9 /* PBKeyDerive.cpp */; };
		A5466BD614E4FBFC00FF36B9 /* PhotoshopButton_Available.png in Resources */ = {isa = PBXBuildFile; fileRef = A5466B7914E4FBFC00FF36B9 /* PhotoshopButton_Available.png */; };
		A5466BD714E4FBFC00FF36B9 /* PhotoshopButton_Connected.png in Resources */ = {isa = PBXBuildFile; fileRef = A5466B7A14E4FBFC00FF36B9 /* PhotoshopButton_Connected.png */; };
		A5466BD814E4FBFC00FF36B9 /* PhotoshopButton_Offline.png in Resources */ = {isa = PBXBuildFile; fileRef = A5466B7B14E4FBFC00FF36B9 /* PhotoshopButton_Offline.png */; };
		A5466BD914E4FBFC00FF36B9 /* PSConnection.m in Sources */ = {isa = PBXBuildFile; fileRef = A5466B7D14E4FBFC00FF36B9 /* PSConnection.m */; };
		A5466BDA14E4FBFC00FF36B9 /* PSConnectionCommands.m in Sources */ = {isa = PBXBuildFile; fileRef = A5466B7F14E4FBFC00FF36B9 /* PSConnectionCommands.m */; };
		A5466BDB14E4FBFC00FF36B9 /* PSConnectionController.m in Sources */ = {isa = PBXBuildFile; fileRef = A5466B8114E4FBFC00FF36B9 /* PSConnectionController.m */; };
		A5466BDC14E4FBFC00FF36B9 /* PSConnectionController.xib in Resources */ = {isa = PBXBuildFile; fileRef = A5466B8214E4FBFC00FF36B9 /* PSConnectionController.xib */; };
		A5466BDD14E4FBFC00FF36B9 /* PSCryptor.cpp in Sources */ = {isa = PBXBuildFile; fileRef = A5466B8314E4FBFC00FF36B9 /* PSCryptor.cpp */; };
		A5466BDE14E4FBFC00FF36B9 /* PSServersController.m in Sources */ = {isa = PBXBuildFile; fileRef = A5466B8714E4FBFC00FF36B9 /* PSServersController.m */; };
		A5466BDF14E4FBFC00FF36B9 /* PSServersController.xib in Resources */ = {isa = PBXBuildFile; fileRef = A5466B8814E4FBFC00FF36B9 /* PSServersController.xib */; };
		A5466BE014E4FBFC00FF36B9 /* READ_ME.txt in Resources */ = {isa = PBXBuildFile; fileRef = A5466B8914E4FBFC00FF36B9 /* READ_ME.txt */; };
		A5466BE114E4FBFC00FF36B9 /* ColorVar.jsx in Resources */ = {isa = PBXBuildFile; fileRef = A5466B8B14E4FBFC00FF36B9 /* ColorVar.jsx */; };
		A5466BE214E4FBFC00FF36B9 /* DeleteSwatchFunc.jsx in Resources */ = {isa = PBXBuildFile; fileRef = A5466B8C14E4FBFC00FF36B9 /* DeleteSwatchFunc.jsx */; };
		A5466BE314E4FBFC00FF36B9 /* MakeSwatchFunc.jsx in Resources */ = {isa = PBXBuildFile; fileRef = A5466B8D14E4FBFC00FF36B9 /* MakeSwatchFunc.jsx */; };
		A5466BE414E4FBFC00FF36B9 /* SubscribeToEventFunc.jsx in Resources */ = {isa = PBXBuildFile; fileRef = A5466B8E14E4FBFC00FF36B9 /* SubscribeToEventFunc.jsx */; };
		A5466BE514E4FBFC00FF36B9 /* SFHFKeychainUtils.m in Sources */ = {isa = PBXBuildFile; fileRef = A5466B9114E4FBFC00FF36B9 /* SFHFKeychainUtils.m */; };
		A5466BE614E4FBFC00FF36B9 /* UIColor-Expanded.m in Sources */ = {isa = PBXBuildFile; fileRef = A5466B9614E4FBFC00FF36B9 /* UIColor-Expanded.m */; };
		A5466BEC14E507E600FF36B9 /* showpsViewController.xib in Resources */ = {isa = PBXBuildFile; fileRef = A5466BEB14E507E600FF36B9 /* showpsViewController.xib */; };
/* End PBXBuildFile section */

/* Begin PBXContainerItemProxy section */
		A5466A4B14E4CEC400FF36B9 /* PBXContainerItemProxy */ = {
			isa = PBXContainerItemProxy;
			containerPortal = A5466A2214E4CEC400FF36B9 /* Project object */;
			proxyType = 1;
			remoteGlobalIDString = A5466A2A14E4CEC400FF36B9;
			remoteInfo = showps;
		};
/* End PBXContainerItemProxy section */

/* Begin PBXFileReference section */
		A5466A2B14E4CEC400FF36B9 /* showps.app */ = {isa = PBXFileReference; explicitFileType = wrapper.application; includeInIndex = 0; path = showps.app; sourceTree = BUILT_PRODUCTS_DIR; };
		A5466A2F14E4CEC400FF36B9 /* UIKit.framework */ = {isa = PBXFileReference; lastKnownFileType = wrapper.framework; name = UIKit.framework; path = System/Library/Frameworks/UIKit.framework; sourceTree = SDKROOT; };
		A5466A3114E4CEC400FF36B9 /* Foundation.framework */ = {isa = PBXFileReference; lastKnownFileType = wrapper.framework; name = Foundation.framework; path = System/Library/Frameworks/Foundation.framework; sourceTree = SDKROOT; };
		A5466A3314E4CEC400FF36B9 /* CoreGraphics.framework */ = {isa = PBXFileReference; lastKnownFileType = wrapper.framework; name = CoreGraphics.framework; path = System/Library/Frameworks/CoreGraphics.framework; sourceTree = SDKROOT; };
		A5466A3714E4CEC400FF36B9 /* showps-Info.plist */ = {isa = PBXFileReference; lastKnownFileType = text.plist.xml; path = "showps-Info.plist"; sourceTree = "<group>"; };
		A5466A3914E4CEC400FF36B9 /* en */ = {isa = PBXFileReference; lastKnownFileType = text.plist.strings; name = en; path = en.lproj/InfoPlist.strings; sourceTree = "<group>"; };
		A5466A3B14E4CEC400FF36B9 /* main.m */ = {isa = PBXFileReference; lastKnownFileType = sourcecode.c.objc; path = main.m; sourceTree = "<group>"; };
		A5466A3D14E4CEC400FF36B9 /* showps-Prefix.pch */ = {isa = PBXFileReference; lastKnownFileType = sourcecode.c.h; path = "showps-Prefix.pch"; sourceTree = "<group>"; };
		A5466A3E14E4CEC400FF36B9 /* AppDelegate.h */ = {isa = PBXFileReference; lastKnownFileType = sourcecode.c.h; path = AppDelegate.h; sourceTree = "<group>"; };
		A5466A3F14E4CEC400FF36B9 /* AppDelegate.m */ = {isa = PBXFileReference; lastKnownFileType = sourcecode.c.objc; path = AppDelegate.m; sourceTree = "<group>"; };
		A5466A4614E4CEC400FF36B9 /* showpsTests.octest */ = {isa = PBXFileReference; explicitFileType = wrapper.cfbundle; includeInIndex = 0; path = showpsTests.octest; sourceTree = BUILT_PRODUCTS_DIR; };
		A5466A4714E4CEC400FF36B9 /* SenTestingKit.framework */ = {isa = PBXFileReference; lastKnownFileType = wrapper.framework; name = SenTestingKit.framework; path = Library/Frameworks/SenTestingKit.framework; sourceTree = DEVELOPER_DIR; };
		A5466A4F14E4CEC400FF36B9 /* showpsTests-Info.plist */ = {isa = PBXFileReference; lastKnownFileType = text.plist.xml; path = "showpsTests-Info.plist"; sourceTree = "<group>"; };
		A5466A5114E4CEC400FF36B9 /* en */ = {isa = PBXFileReference; lastKnownFileType = text.plist.strings; name = en; path = en.lproj/InfoPlist.strings; sourceTree = "<group>"; };
		A5466A5314E4CEC400FF36B9 /* showpsTests.h */ = {isa = PBXFileReference; lastKnownFileType = sourcecode.c.h; path = showpsTests.h; sourceTree = "<group>"; };
		A5466A5414E4CEC400FF36B9 /* showpsTests.m */ = {isa = PBXFileReference; lastKnownFileType = sourcecode.c.objc; path = showpsTests.m; sourceTree = "<group>"; };
		A5466A6414E4CFDB00FF36B9 /* MainWindow.xib */ = {isa = PBXFileReference; fileEncoding = 4; lastKnownFileType = file.xib; path = MainWindow.xib; sourceTree = "<group>"; };
		A5466A6714E4D14900FF36B9 /* showpsAppDelegate.h */ = {isa = PBXFileReference; fileEncoding = 4; lastKnownFileType = sourcecode.c.h; path = showpsAppDelegate.h; sourceTree = "<group>"; };
		A5466A6814E4D14900FF36B9 /* showpsAppDelegate.m */ = {isa = PBXFileReference; fileEncoding = 4; lastKnownFileType = sourcecode.c.objc; path = showpsAppDelegate.m; sourceTree = "<group>"; };
		A5466A6A14E4F64200FF36B9 /* showpsViewController.h */ = {isa = PBXFileReference; fileEncoding = 4; lastKnownFileType = sourcecode.c.h; path = showpsViewController.h; sourceTree = "<group>"; };
		A5466A6B14E4F64200FF36B9 /* showpsViewController.m */ = {isa = PBXFileReference; fileEncoding = 4; lastKnownFileType = sourcecode.c.objc; path = showpsViewController.m; sourceTree = "<group>"; };
		A5466B2B14E4FA2E00FF36B9 /* Security.framework */ = {isa = PBXFileReference; lastKnownFileType = wrapper.framework; name = Security.framework; path = System/Library/Frameworks/Security.framework; sourceTree = SDKROOT; };
		A5466B2F14E4FBFC00FF36B9 /* ConnectButton_Default.png */ = {isa = PBXFileReference; lastKnownFileType = image.png; path = ConnectButton_Default.png; sourceTree = "<group>"; };
		A5466B3014E4FBFC00FF36B9 /* ConnectButton_Highlighted.png */ = {isa = PBXFileReference; lastKnownFileType = image.png; path = ConnectButton_Highlighted.png; sourceTree = "<group>"; };
		A5466B6F14E4FBFC00FF36B9 /* NetConnection.h */ = {isa = PBXFileReference; fileEncoding = 4; lastKnownFileType = sourcecode.c.h; path = NetConnection.h; sourceTree = "<group>"; };
		A5466B7014E4FBFC00FF36B9 /* NetConnection.m */ = {isa = PBXFileReference; fileEncoding = 4; lastKnownFileType = sourcecode.c.objc; path = NetConnection.m; sourceTree = "<group>"; };
		A5466B7114E4FBFC00FF36B9 /* NetConnectionDelegate.h */ = {isa = PBXFileReference; fileEncoding = 4; lastKnownFileType = sourcecode.c.h; path = NetConnectionDelegate.h; sourceTree = "<group>"; };
		A5466B7214E4FBFC00FF36B9 /* NetServer.h */ = {isa = PBXFileReference; fileEncoding = 4; lastKnownFileType = sourcecode.c.h; path = NetServer.h; sourceTree = "<group>"; };
		A5466B7314E4FBFC00FF36B9 /* NetServer.m */ = {isa = PBXFileReference; fileEncoding = 4; lastKnownFileType = sourcecode.c.objc; path = NetServer.m; sourceTree = "<group>"; };
		A5466B7414E4FBFC00FF36B9 /* NetServerBrowser.h */ = {isa = PBXFileReference; fileEncoding = 4; lastKnownFileType = sourcecode.c.h; path = NetServerBrowser.h; sourceTree = "<group>"; };
		A5466B7514E4FBFC00FF36B9 /* NetServerBrowser.m */ = {isa = PBXFileReference; fileEncoding = 4; lastKnownFileType = sourcecode.c.objc; path = NetServerBrowser.m; sourceTree = "<group>"; };
		A5466B7614E4FBFC00FF36B9 /* NetServerBrowserDelegate.h */ = {isa = PBXFileReference; fileEncoding = 4; lastKnownFileType = sourcecode.c.h; path = NetServerBrowserDelegate.h; sourceTree = "<group>"; };
		A5466B7714E4FBFC00FF36B9 /* NetServerDelegate.h */ = {isa = PBXFileReference; fileEncoding = 4; lastKnownFileType = sourcecode.c.h; path = NetServerDelegate.h; sourceTree = "<group>"; };
		A5466B7814E4FBFC00FF36B9 /* PBKeyDerive.cpp */ = {isa = PBXFileReference; fileEncoding = 4; lastKnownFileType = sourcecode.cpp.cpp; path = PBKeyDerive.cpp; sourceTree = "<group>"; };
		A5466B7914E4FBFC00FF36B9 /* PhotoshopButton_Available.png */ = {isa = PBXFileReference; lastKnownFileType = image.png; path = PhotoshopButton_Available.png; sourceTree = "<group>"; };
		A5466B7A14E4FBFC00FF36B9 /* PhotoshopButton_Connected.png */ = {isa = PBXFileReference; lastKnownFileType = image.png; path = PhotoshopButton_Connected.png; sourceTree = "<group>"; };
		A5466B7B14E4FBFC00FF36B9 /* PhotoshopButton_Offline.png */ = {isa = PBXFileReference; lastKnownFileType = image.png; path = PhotoshopButton_Offline.png; sourceTree = "<group>"; };
		A5466B7C14E4FBFC00FF36B9 /* PSConnection.h */ = {isa = PBXFileReference; fileEncoding = 4; lastKnownFileType = sourcecode.c.h; path = PSConnection.h; sourceTree = "<group>"; };
		A5466B7D14E4FBFC00FF36B9 /* PSConnection.m */ = {isa = PBXFileReference; fileEncoding = 4; lastKnownFileType = sourcecode.c.objc; path = PSConnection.m; sourceTree = "<group>"; };
		A5466B7E14E4FBFC00FF36B9 /* PSConnectionCommands.h */ = {isa = PBXFileReference; fileEncoding = 4; lastKnownFileType = sourcecode.c.h; path = PSConnectionCommands.h; sourceTree = "<group>"; };
		A5466B7F14E4FBFC00FF36B9 /* PSConnectionCommands.m */ = {isa = PBXFileReference; fileEncoding = 4; lastKnownFileType = sourcecode.c.objc; path = PSConnectionCommands.m; sourceTree = "<group>"; };
		A5466B8014E4FBFC00FF36B9 /* PSConnectionController.h */ = {isa = PBXFileReference; fileEncoding = 4; lastKnownFileType = sourcecode.c.h; path = PSConnectionController.h; sourceTree = "<group>"; };
		A5466B8114E4FBFC00FF36B9 /* PSConnectionController.m */ = {isa = PBXFileReference; fileEncoding = 4; lastKnownFileType = sourcecode.c.objc; path = PSConnectionController.m; sourceTree = "<group>"; };
		A5466B8214E4FBFC00FF36B9 /* PSConnectionController.xib */ = {isa = PBXFileReference; fileEncoding = 4; lastKnownFileType = file.xib; path = PSConnectionController.xib; sourceTree = "<group>"; };
		A5466B8314E4FBFC00FF36B9 /* PSCryptor.cpp */ = {isa = PBXFileReference; fileEncoding = 4; lastKnownFileType = sourcecode.cpp.cpp; path = PSCryptor.cpp; sourceTree = "<group>"; };
		A5466B8414E4FBFC00FF36B9 /* PSCryptor.h */ = {isa = PBXFileReference; fileEncoding = 4; lastKnownFileType = sourcecode.c.h; path = PSCryptor.h; sourceTree = "<group>"; };
		A5466B8514E4FBFC00FF36B9 /* PSCryptorAPI.h */ = {isa = PBXFileReference; fileEncoding = 4; lastKnownFileType = sourcecode.c.h; path = PSCryptorAPI.h; sourceTree = "<group>"; };
		A5466B8614E4FBFC00FF36B9 /* PSServersController.h */ = {isa = PBXFileReference; fileEncoding = 4; lastKnownFileType = sourcecode.c.h; path = PSServersController.h; sourceTree = "<group>"; };
		A5466B8714E4FBFC00FF36B9 /* PSServersController.m */ = {isa = PBXFileReference; fileEncoding = 4; lastKnownFileType = sourcecode.c.objc; path = PSServersController.m; sourceTree = "<group>"; };
		A5466B8814E4FBFC00FF36B9 /* PSServersController.xib */ = {isa = PBXFileReference; fileEncoding = 4; lastKnownFileType = file.xib; path = PSServersController.xib; sourceTree = "<group>"; };
		A5466B8914E4FBFC00FF36B9 /* READ_ME.txt */ = {isa = PBXFileReference; fileEncoding = 4; lastKnownFileType = text; path = READ_ME.txt; sourceTree = "<group>"; };
		A5466B8B14E4FBFC00FF36B9 /* ColorVar.jsx */ = {isa = PBXFileReference; fileEncoding = 4; lastKnownFileType = text; path = ColorVar.jsx; sourceTree = "<group>"; };
		A5466B8C14E4FBFC00FF36B9 /* DeleteSwatchFunc.jsx */ = {isa = PBXFileReference; fileEncoding = 4; lastKnownFileType = text; path = DeleteSwatchFunc.jsx; sourceTree = "<group>"; };
		A5466B8D14E4FBFC00FF36B9 /* MakeSwatchFunc.jsx */ = {isa = PBXFileReference; fileEncoding = 4; lastKnownFileType = text; path = MakeSwatchFunc.jsx; sourceTree = "<group>"; };
		A5466B8E14E4FBFC00FF36B9 /* SubscribeToEventFunc.jsx */ = {isa = PBXFileReference; fileEncoding = 4; lastKnownFileType = text; path = SubscribeToEventFunc.jsx; sourceTree = "<group>"; };
		A5466B9014E4FBFC00FF36B9 /* SFHFKeychainUtils.h */ = {isa = PBXFileReference; fileEncoding = 4; lastKnownFileType = sourcecode.c.h; path = SFHFKeychainUtils.h; sourceTree = "<group>"; };
		A5466B9114E4FBFC00FF36B9 /* SFHFKeychainUtils.m */ = {isa = PBXFileReference; fileEncoding = 4; lastKnownFileType = sourcecode.c.objc; path = SFHFKeychainUtils.m; sourceTree = "<group>"; };
		A5466B9314E4FBFC00FF36B9 /* SynthesizeSingleton.h */ = {isa = PBXFileReference; fileEncoding = 4; lastKnownFileType = sourcecode.c.h; path = SynthesizeSingleton.h; sourceTree = "<group>"; };
		A5466B9514E4FBFC00FF36B9 /* UIColor-Expanded.h */ = {isa = PBXFileReference; fileEncoding = 4; lastKnownFileType = sourcecode.c.h; path = "UIColor-Expanded.h"; sourceTree = "<group>"; };
		A5466B9614E4FBFC00FF36B9 /* UIColor-Expanded.m */ = {isa = PBXFileReference; fileEncoding = 4; lastKnownFileType = sourcecode.c.objc; path = "UIColor-Expanded.m"; sourceTree = "<group>"; };
		A5466BEB14E507E600FF36B9 /* showpsViewController.xib */ = {isa = PBXFileReference; fileEncoding = 4; lastKnownFileType = file.xib; path = showpsViewController.xib; sourceTree = "<group>"; };
/* End PBXFileReference section */

/* Begin PBXFrameworksBuildPhase section */
		A5466A2814E4CEC400FF36B9 /* Frameworks */ = {
			isa = PBXFrameworksBuildPhase;
			buildActionMask = 2147483647;
			files = (
				A5466B2C14E4FA2E00FF36B9 /* Security.framework in Frameworks */,
				A5466A3014E4CEC400FF36B9 /* UIKit.framework in Frameworks */,
				A5466A3214E4CEC400FF36B9 /* Foundation.framework in Frameworks */,
				A5466A3414E4CEC400FF36B9 /* CoreGraphics.framework in Frameworks */,
			);
			runOnlyForDeploymentPostprocessing = 0;
		};
		A5466A4214E4CEC400FF36B9 /* Frameworks */ = {
			isa = PBXFrameworksBuildPhase;
			buildActionMask = 2147483647;
			files = (
				A5466A4814E4CEC400FF36B9 /* SenTestingKit.framework in Frameworks */,
				A5466A4914E4CEC400FF36B9 /* UIKit.framework in Frameworks */,
				A5466A4A14E4CEC400FF36B9 /* Foundation.framework in Frameworks */,
			);
			runOnlyForDeploymentPostprocessing = 0;
		};
/* End PBXFrameworksBuildPhase section */

/* Begin PBXGroup section */
		A5466A2014E4CEC400FF36B9 = {
			isa = PBXGroup;
			children = (
				A5466B2D14E4FBFC00FF36B9 /* psconnection */,
				A5466A6614E4D0CA00FF36B9 /* Classes */,
				A5466A6214E4CFA000FF36B9 /* Resources */,
				A5466A3514E4CEC400FF36B9 /* showps */,
				A5466A4D14E4CEC400FF36B9 /* showpsTests */,
				A5466A2E14E4CEC400FF36B9 /* Frameworks */,
				A5466A2C14E4CEC400FF36B9 /* Products */,
			);
			sourceTree = "<group>";
		};
		A5466A2C14E4CEC400FF36B9 /* Products */ = {
			isa = PBXGroup;
			children = (
				A5466A2B14E4CEC400FF36B9 /* showps.app */,
				A5466A4614E4CEC400FF36B9 /* showpsTests.octest */,
			);
			name = Products;
			sourceTree = "<group>";
		};
		A5466A2E14E4CEC400FF36B9 /* Frameworks */ = {
			isa = PBXGroup;
			children = (
				A5466B2B14E4FA2E00FF36B9 /* Security.framework */,
				A5466A2F14E4CEC400FF36B9 /* UIKit.framework */,
				A5466A3114E4CEC400FF36B9 /* Foundation.framework */,
				A5466A3314E4CEC400FF36B9 /* CoreGraphics.framework */,
				A5466A4714E4CEC400FF36B9 /* SenTestingKit.framework */,
			);
			name = Frameworks;
			sourceTree = "<group>";
		};
		A5466A3514E4CEC400FF36B9 /* showps */ = {
			isa = PBXGroup;
			children = (
				A5466A3E14E4CEC400FF36B9 /* AppDelegate.h */,
				A5466A3F14E4CEC400FF36B9 /* AppDelegate.m */,
				A5466A3614E4CEC400FF36B9 /* Supporting Files */,
			);
			path = showps;
			sourceTree = "<group>";
		};
		A5466A3614E4CEC400FF36B9 /* Supporting Files */ = {
			isa = PBXGroup;
			children = (
				A5466A3714E4CEC400FF36B9 /* showps-Info.plist */,
				A5466A3814E4CEC400FF36B9 /* InfoPlist.strings */,
				A5466A3B14E4CEC400FF36B9 /* main.m */,
				A5466A3D14E4CEC400FF36B9 /* showps-Prefix.pch */,
			);
			name = "Supporting Files";
			sourceTree = "<group>";
		};
		A5466A4D14E4CEC400FF36B9 /* showpsTests */ = {
			isa = PBXGroup;
			children = (
				A5466A5314E4CEC400FF36B9 /* showpsTests.h */,
				A5466A5414E4CEC400FF36B9 /* showpsTests.m */,
				A5466A4E14E4CEC400FF36B9 /* Supporting Files */,
			);
			path = showpsTests;
			sourceTree = "<group>";
		};
		A5466A4E14E4CEC400FF36B9 /* Supporting Files */ = {
			isa = PBXGroup;
			children = (
				A5466A4F14E4CEC400FF36B9 /* showpsTests-Info.plist */,
				A5466A5014E4CEC400FF36B9 /* InfoPlist.strings */,
			);
			name = "Supporting Files";
			sourceTree = "<group>";
		};
		A5466A6214E4CFA000FF36B9 /* Resources */ = {
			isa = PBXGroup;
			children = (
				A5466A6414E4CFDB00FF36B9 /* MainWindow.xib */,
				A5466BEB14E507E600FF36B9 /* showpsViewController.xib */,
			);
			name = Resources;
			sourceTree = "<group>";
		};
		A5466A6614E4D0CA00FF36B9 /* Classes */ = {
			isa = PBXGroup;
			children = (
				A5466A6714E4D14900FF36B9 /* showpsAppDelegate.h */,
				A5466A6814E4D14900FF36B9 /* showpsAppDelegate.m */,
				A5466A6A14E4F64200FF36B9 /* showpsViewController.h */,
				A5466A6B14E4F64200FF36B9 /* showpsViewController.m */,
			);
			name = Classes;
			sourceTree = "<group>";
		};
		A5466B2D14E4FBFC00FF36B9 /* psconnection */ = {
			isa = PBXGroup;
			children = (
				A5466B2F14E4FBFC00FF36B9 /* ConnectButton_Default.png */,
				A5466B3014E4FBFC00FF36B9 /* ConnectButton_Highlighted.png */,
				A5466B6E14E4FBFC00FF36B9 /* networking */,
				A5466B7814E4FBFC00FF36B9 /* PBKeyDerive.cpp */,
				A5466B7914E4FBFC00FF36B9 /* PhotoshopButton_Available.png */,
				A5466B7A14E4FBFC00FF36B9 /* PhotoshopButton_Connected.png */,
				A5466B7B14E4FBFC00FF36B9 /* PhotoshopButton_Offline.png */,
				A5466B7C14E4FBFC00FF36B9 /* PSConnection.h */,
				A5466B7D14E4FBFC00FF36B9 /* PSConnection.m */,
				A5466B7E14E4FBFC00FF36B9 /* PSConnectionCommands.h */,
				A5466B7F14E4FBFC00FF36B9 /* PSConnectionCommands.m */,
				A5466B8014E4FBFC00FF36B9 /* PSConnectionController.h */,
				A5466B8114E4FBFC00FF36B9 /* PSConnectionController.m */,
				A5466B8214E4FBFC00FF36B9 /* PSConnectionController.xib */,
				A5466B8314E4FBFC00FF36B9 /* PSCryptor.cpp */,
				A5466B8414E4FBFC00FF36B9 /* PSCryptor.h */,
				A5466B8514E4FBFC00FF36B9 /* PSCryptorAPI.h */,
				A5466B8614E4FBFC00FF36B9 /* PSServersController.h */,
				A5466B8714E4FBFC00FF36B9 /* PSServersController.m */,
				A5466B8814E4FBFC00FF36B9 /* PSServersController.xib */,
				A5466B8914E4FBFC00FF36B9 /* READ_ME.txt */,
				A5466B8A14E4FBFC00FF36B9 /* scripts */,
				A5466B8F14E4FBFC00FF36B9 /* sfhfkeychainutils */,
				A5466B9214E4FBFC00FF36B9 /* synthesizesingleton */,
				A5466B9414E4FBFC00FF36B9 /* uicolorexpanded */,
			);
			name = psconnection;
			path = ../psconnection;
			sourceTree = "<group>";
		};
		A5466B6E14E4FBFC00FF36B9 /* networking */ = {
			isa = PBXGroup;
			children = (
				A5466B6F14E4FBFC00FF36B9 /* NetConnection.h */,
				A5466B7014E4FBFC00FF36B9 /* NetConnection.m */,
				A5466B7114E4FBFC00FF36B9 /* NetConnectionDelegate.h */,
				A5466B7214E4FBFC00FF36B9 /* NetServer.h */,
				A5466B7314E4FBFC00FF36B9 /* NetServer.m */,
				A5466B7414E4FBFC00FF36B9 /* NetServerBrowser.h */,
				A5466B7514E4FBFC00FF36B9 /* NetServerBrowser.m */,
				A5466B7614E4FBFC00FF36B9 /* NetServerBrowserDelegate.h */,
				A5466B7714E4FBFC00FF36B9 /* NetServerDelegate.h */,
			);
			path = networking;
			sourceTree = "<group>";
		};
		A5466B8A14E4FBFC00FF36B9 /* scripts */ = {
			isa = PBXGroup;
			children = (
				A5466B8B14E4FBFC00FF36B9 /* ColorVar.jsx */,
				A5466B8C14E4FBFC00FF36B9 /* DeleteSwatchFunc.jsx */,
				A5466B8D14E4FBFC00FF36B9 /* MakeSwatchFunc.jsx */,
				A5466B8E14E4FBFC00FF36B9 /* SubscribeToEventFunc.jsx */,
			);
			path = scripts;
			sourceTree = "<group>";
		};
		A5466B8F14E4FBFC00FF36B9 /* sfhfkeychainutils */ = {
			isa = PBXGroup;
			children = (
				A5466B9014E4FBFC00FF36B9 /* SFHFKeychainUtils.h */,
				A5466B9114E4FBFC00FF36B9 /* SFHFKeychainUtils.m */,
			);
			path = sfhfkeychainutils;
			sourceTree = "<group>";
		};
		A5466B9214E4FBFC00FF36B9 /* synthesizesingleton */ = {
			isa = PBXGroup;
			children = (
				A5466B9314E4FBFC00FF36B9 /* SynthesizeSingleton.h */,
			);
			path = synthesizesingleton;
			sourceTree = "<group>";
		};
		A5466B9414E4FBFC00FF36B9 /* uicolorexpanded */ = {
			isa = PBXGroup;
			children = (
				A5466B9514E4FBFC00FF36B9 /* UIColor-Expanded.h */,
				A5466B9614E4FBFC00FF36B9 /* UIColor-Expanded.m */,
			);
			path = uicolorexpanded;
			sourceTree = "<group>";
		};
/* End PBXGroup section */

/* Begin PBXNativeTarget section */
		A5466A2A14E4CEC400FF36B9 /* showps */ = {
			isa = PBXNativeTarget;
			buildConfigurationList = A5466A5814E4CEC400FF36B9 /* Build configuration list for PBXNativeTarget "showps" */;
			buildPhases = (
				A5466A2714E4CEC400FF36B9 /* Sources */,
				A5466A2814E4CEC400FF36B9 /* Frameworks */,
				A5466A2914E4CEC400FF36B9 /* Resources */,
			);
			buildRules = (
			);
			dependencies = (
			);
			name = showps;
			productName = showps;
			productReference = A5466A2B14E4CEC400FF36B9 /* showps.app */;
			productType = "com.apple.product-type.application";
		};
		A5466A4514E4CEC400FF36B9 /* showpsTests */ = {
			isa = PBXNativeTarget;
			buildConfigurationList = A5466A5B14E4CEC400FF36B9 /* Build configuration list for PBXNativeTarget "showpsTests" */;
			buildPhases = (
				A5466A4114E4CEC400FF36B9 /* Sources */,
				A5466A4214E4CEC400FF36B9 /* Frameworks */,
				A5466A4314E4CEC400FF36B9 /* Resources */,
				A5466A4414E4CEC400FF36B9 /* ShellScript */,
			);
			buildRules = (
			);
			dependencies = (
				A5466A4C14E4CEC400FF36B9 /* PBXTargetDependency */,
			);
			name = showpsTests;
			productName = showpsTests;
			productReference = A5466A4614E4CEC400FF36B9 /* showpsTests.octest */;
			productType = "com.apple.product-type.bundle";
		};
/* End PBXNativeTarget section */

/* Begin PBXProject section */
		A5466A2214E4CEC400FF36B9 /* Project object */ = {
			isa = PBXProject;
			attributes = {
				LastUpgradeCheck = 0420;
			};
			buildConfigurationList = A5466A2514E4CEC400FF36B9 /* Build configuration list for PBXProject "showps" */;
			compatibilityVersion = "Xcode 3.2";
			developmentRegion = English;
			hasScannedForEncodings = 0;
			knownRegions = (
				en,
			);
			mainGroup = A5466A2014E4CEC400FF36B9;
			productRefGroup = A5466A2C14E4CEC400FF36B9 /* Products */;
			projectDirPath = "";
			projectRoot = "";
			targets = (
				A5466A2A14E4CEC400FF36B9 /* showps */,
				A5466A4514E4CEC400FF36B9 /* showpsTests */,
			);
		};
/* End PBXProject section */

/* Begin PBXResourcesBuildPhase section */
		A5466A2914E4CEC400FF36B9 /* Resources */ = {
			isa = PBXResourcesBuildPhase;
			buildActionMask = 2147483647;
			files = (
				A5466A3A14E4CEC400FF36B9 /* InfoPlist.strings in Resources */,
				A5466A6514E4CFDB00FF36B9 /* MainWindow.xib in Resources */,
				A5466B9814E4FBFC00FF36B9 /* ConnectButton_Default.png in Resources */,
				A5466B9914E4FBFC00FF36B9 /* ConnectButton_Highlighted.png in Resources */,
				A5466BD614E4FBFC00FF36B9 /* PhotoshopButton_Available.png in Resources */,
				A5466BD714E4FBFC00FF36B9 /* PhotoshopButton_Connected.png in Resources */,
				A5466BD814E4FBFC00FF36B9 /* PhotoshopButton_Offline.png in Resources */,
				A5466BDC14E4FBFC00FF36B9 /* PSConnectionController.xib in Resources */,
				A5466BDF14E4FBFC00FF36B9 /* PSServersController.xib in Resources */,
				A5466BE014E4FBFC00FF36B9 /* READ_ME.txt in Resources */,
				A5466BE114E4FBFC00FF36B9 /* ColorVar.jsx in Resources */,
				A5466BE214E4FBFC00FF36B9 /* DeleteSwatchFunc.jsx in Resources */,
				A5466BE314E4FBFC00FF36B9 /* MakeSwatchFunc.jsx in Resources */,
				A5466BE414E4FBFC00FF36B9 /* SubscribeToEventFunc.jsx in Resources */,
				A5466BEC14E507E600FF36B9 /* showpsViewController.xib in Resources */,
			);
			runOnlyForDeploymentPostprocessing = 0;
		};
		A5466A4314E4CEC400FF36B9 /* Resources */ = {
			isa = PBXResourcesBuildPhase;
			buildActionMask = 2147483647;
			files = (
				A5466A5214E4CEC400FF36B9 /* InfoPlist.strings in Resources */,
			);
			runOnlyForDeploymentPostprocessing = 0;
		};
/* End PBXResourcesBuildPhase section */

/* Begin PBXShellScriptBuildPhase section */
		A5466A4414E4CEC400FF36B9 /* ShellScript */ = {
			isa = PBXShellScriptBuildPhase;
			buildActionMask = 2147483647;
			files = (
			);
			inputPaths = (
			);
			outputPaths = (
			);
			runOnlyForDeploymentPostprocessing = 0;
			shellPath = /bin/sh;
			shellScript = "# Run the unit tests in this test bundle.\n\"${SYSTEM_DEVELOPER_DIR}/Tools/RunUnitTests\"\n";
		};
/* End PBXShellScriptBuildPhase section */

/* Begin PBXSourcesBuildPhase section */
		A5466A2714E4CEC400FF36B9 /* Sources */ = {
			isa = PBXSourcesBuildPhase;
			buildActionMask = 2147483647;
			files = (
				A5466A3C14E4CEC400FF36B9 /* main.m in Sources */,
				A5466A4014E4CEC400FF36B9 /* AppDelegate.m in Sources */,
				A5466A6914E4D14900FF36B9 /* showpsAppDelegate.m in Sources */,
				A5466A6C14E4F64200FF36B9 /* showpsViewController.m in Sources */,
				A5466BD214E4FBFC00FF36B9 /* NetConnection.m in Sources */,
				A5466BD314E4FBFC00FF36B9 /* NetServer.m in Sources */,
				A5466BD414E4FBFC00FF36B9 /* NetServerBrowser.m in Sources */,
				A5466BD514E4FBFC00FF36B9 /* PBKeyDerive.cpp in Sources */,
				A5466BD914E4FBFC00FF36B9 /* PSConnection.m in Sources */,
				A5466BDA14E4FBFC00FF36B9 /* PSConnectionCommands.m in Sources */,
				A5466BDB14E4FBFC00FF36B9 /* PSConnectionController.m in Sources */,
				A5466BDD14E4FBFC00FF36B9 /* PSCryptor.cpp in Sources */,
				A5466BDE14E4FBFC00FF36B9 /* PSServersController.m in Sources */,
				A5466BE514E4FBFC00FF36B9 /* SFHFKeychainUtils.m in Sources */,
				A5466BE614E4FBFC00FF36B9 /* UIColor-Expanded.m in Sources */,
			);
			runOnlyForDeploymentPostprocessing = 0;
		};
		A5466A4114E4CEC400FF36B9 /* Sources */ = {
			isa = PBXSourcesBuildPhase;
			buildActionMask = 2147483647;
			files = (
				A5466A5514E4CEC400FF36B9 /* showpsTests.m in Sources */,
			);
			runOnlyForDeploymentPostprocessing = 0;
		};
/* End PBXSourcesBuildPhase section */

/* Begin PBXTargetDependency section */
		A5466A4C14E4CEC400FF36B9 /* PBXTargetDependency */ = {
			isa = PBXTargetDependency;
			target = A5466A2A14E4CEC400FF36B9 /* showps */;
			targetProxy = A5466A4B14E4CEC400FF36B9 /* PBXContainerItemProxy */;
		};
/* End PBXTargetDependency section */

/* Begin PBXVariantGroup section */
		A5466A3814E4CEC400FF36B9 /* InfoPlist.strings */ = {
			isa = PBXVariantGroup;
			children = (
				A5466A3914E4CEC400FF36B9 /* en */,
			);
			name = InfoPlist.strings;
			sourceTree = "<group>";
		};
		A5466A5014E4CEC400FF36B9 /* InfoPlist.strings */ = {
			isa = PBXVariantGroup;
			children = (
				A5466A5114E4CEC400FF36B9 /* en */,
			);
			name = InfoPlist.strings;
			sourceTree = "<group>";
		};
/* End PBXVariantGroup section */

/* Begin XCBuildConfiguration section */
		A5466A5614E4CEC400FF36B9 /* Debug */ = {
			isa = XCBuildConfiguration;
			buildSettings = {
				ALWAYS_SEARCH_USER_PATHS = NO;
				ARCHS = "$(ARCHS_STANDARD_32_BIT)";
				CLANG_ENABLE_OBJC_ARC = NO;
				"CODE_SIGN_IDENTITY[sdk=iphoneos*]" = "iPhone Developer";
				COPY_PHASE_STRIP = NO;
				GCC_C_LANGUAGE_STANDARD = gnu99;
				GCC_DYNAMIC_NO_PIC = NO;
				GCC_OPTIMIZATION_LEVEL = 0;
				GCC_PREPROCESSOR_DEFINITIONS = (
					"DEBUG=1",
					"$(inherited)",
				);
				GCC_SYMBOLS_PRIVATE_EXTERN = NO;
				GCC_VERSION = com.apple.compilers.llvm.clang.1_0;
				GCC_WARN_ABOUT_MISSING_PROTOTYPES = YES;
				GCC_WARN_ABOUT_RETURN_TYPE = YES;
				GCC_WARN_UNUSED_VARIABLE = YES;
				IPHONEOS_DEPLOYMENT_TARGET = 5.0;
				SDKROOT = iphoneos;
				TARGETED_DEVICE_FAMILY = "1,2";
			};
			name = Debug;
		};
		A5466A5714E4CEC400FF36B9 /* Release */ = {
			isa = XCBuildConfiguration;
			buildSettings = {
				ALWAYS_SEARCH_USER_PATHS = NO;
				ARCHS = "$(ARCHS_STANDARD_32_BIT)";
				CLANG_ENABLE_OBJC_ARC = NO;
				"CODE_SIGN_IDENTITY[sdk=iphoneos*]" = "iPhone Developer";
				COPY_PHASE_STRIP = YES;
				GCC_C_LANGUAGE_STANDARD = gnu99;
				GCC_VERSION = com.apple.compilers.llvm.clang.1_0;
				GCC_WARN_ABOUT_MISSING_PROTOTYPES = YES;
				GCC_WARN_ABOUT_RETURN_TYPE = YES;
				GCC_WARN_UNUSED_VARIABLE = YES;
				IPHONEOS_DEPLOYMENT_TARGET = 5.0;
				OTHER_CFLAGS = "-DNS_BLOCK_ASSERTIONS=1";
				SDKROOT = iphoneos;
				TARGETED_DEVICE_FAMILY = "1,2";
				VALIDATE_PRODUCT = YES;
			};
			name = Release;
		};
		A5466A5914E4CEC400FF36B9 /* Debug */ = {
			isa = XCBuildConfiguration;
			buildSettings = {
				CLANG_ENABLE_OBJC_ARC = NO;
				GCC_PRECOMPILE_PREFIX_HEADER = YES;
				GCC_PREFIX_HEADER = "showps/showps-Prefix.pch";
				INFOPLIST_FILE = "showps/showps-Info.plist";
				PRODUCT_NAME = "$(TARGET_NAME)";
				WRAPPER_EXTENSION = app;
			};
			name = Debug;
		};
		A5466A5A14E4CEC400FF36B9 /* Release */ = {
			isa = XCBuildConfiguration;
			buildSettings = {
				CLANG_ENABLE_OBJC_ARC = NO;
				GCC_PRECOMPILE_PREFIX_HEADER = YES;
				GCC_PREFIX_HEADER = "showps/showps-Prefix.pch";
				INFOPLIST_FILE = "showps/showps-Info.plist";
				PRODUCT_NAME = "$(TARGET_NAME)";
				WRAPPER_EXTENSION = app;
			};
			name = Release;
		};
		A5466A5C14E4CEC400FF36B9 /* Debug */ = {
			isa = XCBuildConfiguration;
			buildSettings = {
				BUNDLE_LOADER = "$(BUILT_PRODUCTS_DIR)/showps.app/showps";
				FRAMEWORK_SEARCH_PATHS = (
					"$(SDKROOT)/Developer/Library/Frameworks",
					"$(DEVELOPER_LIBRARY_DIR)/Frameworks",
				);
				GCC_PRECOMPILE_PREFIX_HEADER = YES;
				GCC_PREFIX_HEADER = "showps/showps-Prefix.pch";
				INFOPLIST_FILE = "showpsTests/showpsTests-Info.plist";
				PRODUCT_NAME = "$(TARGET_NAME)";
				TEST_HOST = "$(BUNDLE_LOADER)";
				WRAPPER_EXTENSION = octest;
			};
			name = Debug;
		};
		A5466A5D14E4CEC400FF36B9 /* Release */ = {
			isa = XCBuildConfiguration;
			buildSettings = {
				BUNDLE_LOADER = "$(BUILT_PRODUCTS_DIR)/showps.app/showps";
				FRAMEWORK_SEARCH_PATHS = (
					"$(SDKROOT)/Developer/Library/Frameworks",
					"$(DEVELOPER_LIBRARY_DIR)/Frameworks",
				);
				GCC_PRECOMPILE_PREFIX_HEADER = YES;
				GCC_PREFIX_HEADER = "showps/showps-Prefix.pch";
				INFOPLIST_FILE = "showpsTests/showpsTests-Info.plist";
				PRODUCT_NAME = "$(TARGET_NAME)";
				TEST_HOST = "$(BUNDLE_LOADER)";
				WRAPPER_EXTENSION = octest;
			};
			name = Release;
		};
/* End XCBuildConfiguration section */

/* Begin XCConfigurationList section */
		A5466A2514E4CEC400FF36B9 /* Build configuration list for PBXProject "showps" */ = {
			isa = XCConfigurationList;
			buildConfigurations = (
				A5466A5614E4CEC400FF36B9 /* Debug */,
				A5466A5714E4CEC400FF36B9 /* Release */,
			);
			defaultConfigurationIsVisible = 0;
			defaultConfigurationName = Release;
		};
		A5466A5814E4CEC400FF36B9 /* Build configuration list for PBXNativeTarget "showps" */ = {
			isa = XCConfigurationList;
			buildConfigurations = (
				A5466A5914E4CEC400FF36B9 /* Debug */,
				A5466A5A14E4CEC400FF36B9 /* Release */,
			);
			defaultConfigurationIsVisible = 0;
			defaultConfigurationName = Release;
		};
		A5466A5B14E4CEC400FF36B9 /* Build configuration list for PBXNativeTarget "showpsTests" */ = {
			isa = XCConfigurationList;
			buildConfigurations = (
				A5466A5C14E4CEC400FF36B9 /* Debug */,
				A5466A5D14E4CEC400FF36B9 /* Release */,
			);
			defaultConfigurationIsVisible = 0;
			defaultConfigurationName = Release;
		};
/* End XCConfigurationList section */
	};
	rootObject = A5466A2214E4CEC400FF36B9 /* Project object */;
}
